
Microsoft Visual Studio Solution File, Format Version 12.00
# Visual Studio Version 16
VisualStudioVersion = 16.0.30406.217
MinimumVisualStudioVersion = 10.0.40219.1
Project("{9A19103F-16F7-4668-BE54-9A1E7A4F7556}") = "ReCap.Hub", "src\ReCap.Hub.csproj", "{8B50A0EE-75BE-4991-9EB2-9D7409BDA735}"
EndProject
Global
	GlobalSection(SolutionConfigurationPlatforms) = preSolution
		Debug|Any CPU = Debug|Any CPU
		Release|Any CPU = Release|Any CPU
	EndGlobalSection
	GlobalSection(ProjectConfigurationPlatforms) = postSolution
		{8B50A0EE-75BE-4991-9EB2-9D7409BDA735}.Debug|Any CPU.ActiveCfg = Debug|Any CPU
		{8B50A0EE-75BE-4991-9EB2-9D7409BDA735}.Debug|Any CPU.Build.0 = Debug|Any CPU
		{8B50A0EE-75BE-4991-9EB2-9D7409BDA735}.Release|Any CPU.ActiveCfg = Release|Any CPU
		{8B50A0EE-75BE-4991-9EB2-9D7409BDA735}.Release|Any CPU.Build.0 = Release|Any CPU
	EndGlobalSection
	GlobalSection(SolutionProperties) = preSolution
		HideSolutionNode = FALSE
	EndGlobalSection
	GlobalSection(ExtensibilityGlobals) = postSolution
		SolutionGuid = {847F034D-6347-45BC-A106-3CCF9C12BF85}
	EndGlobalSection
EndGlobal
