
Microsoft Visual Studio Solution File, Format Version 12.00
# Visual Studio Version 16
VisualStudioVersion = 16.0.30406.217
MinimumVisualStudioVersion = 10.0.40219.1
Project("{2150E333-8FDC-42A3-9474-1A3956D46DE8}") = "Solution Items", "Solution Items", "{166BDFC9-DE65-426E-91B5-E0248765057D}"
	ProjectSection(SolutionItems) = preProject
		.editorconfig = .editorconfig
		build\avalonia.props = build\avalonia.props
		build\builder.props = build\builder.props
		build\editorconfig.props = build\editorconfig.props
		build\publish.props = build\publish.props
	EndProjectSection
EndProject
Project("{9A19103F-16F7-4668-BE54-9A1E7A4F7556}") = "ReCap.CommonUI", "src\ReCap.CommonUI\ReCap.CommonUI.csproj", "{76E43A29-981C-4CA9-B295-176CC5E6944C}"
EndProject
Project("{9A19103F-16F7-4668-BE54-9A1E7A4F7556}") = "ReCap.Hub", "src\ReCap.Hub\ReCap.Hub.csproj", "{4BDCD50C-0DEF-4BB6-8E82-5E9F211950D9}"
EndProject
Project("{9A19103F-16F7-4668-BE54-9A1E7A4F7556}") = "ReCap.Builder", "build\ReCap.Builder\ReCap.Builder.csproj", "{1AF4D892-6C85-43FC-A670-DF33D073D43D}"
EndProject
Global
	GlobalSection(SolutionConfigurationPlatforms) = preSolution
		Debug|Any CPU = Debug|Any CPU
		Release|Any CPU = Release|Any CPU
	EndGlobalSection
	GlobalSection(ProjectConfigurationPlatforms) = postSolution
		{76E43A29-981C-4CA9-B295-176CC5E6944C}.Debug|Any CPU.ActiveCfg = Debug|Any CPU
		{76E43A29-981C-4CA9-B295-176CC5E6944C}.Debug|Any CPU.Build.0 = Debug|Any CPU
		{76E43A29-981C-4CA9-B295-176CC5E6944C}.Release|Any CPU.ActiveCfg = Release|Any CPU
		{76E43A29-981C-4CA9-B295-176CC5E6944C}.Release|Any CPU.Build.0 = Release|Any CPU
		{4BDCD50C-0DEF-4BB6-8E82-5E9F211950D9}.Debug|Any CPU.ActiveCfg = Debug|Any CPU
		{4BDCD50C-0DEF-4BB6-8E82-5E9F211950D9}.Debug|Any CPU.Build.0 = Debug|Any CPU
		{4BDCD50C-0DEF-4BB6-8E82-5E9F211950D9}.Release|Any CPU.ActiveCfg = Release|Any CPU
		{4BDCD50C-0DEF-4BB6-8E82-5E9F211950D9}.Release|Any CPU.Build.0 = Release|Any CPU
		{1AF4D892-6C85-43FC-A670-DF33D073D43D}.Debug|Any CPU.ActiveCfg = Debug|Any CPU
		{1AF4D892-6C85-43FC-A670-DF33D073D43D}.Debug|Any CPU.Build.0 = Debug|Any CPU
		{1AF4D892-6C85-43FC-A670-DF33D073D43D}.Release|Any CPU.ActiveCfg = Release|Any CPU
		{1AF4D892-6C85-43FC-A670-DF33D073D43D}.Release|Any CPU.Build.0 = Release|Any CPU
	EndGlobalSection
	GlobalSection(SolutionProperties) = preSolution
		HideSolutionNode = FALSE
	EndGlobalSection
	GlobalSection(ExtensibilityGlobals) = postSolution
		SolutionGuid = {847F034D-6347-45BC-A106-3CCF9C12BF85}
	EndGlobalSection
EndGlobal
